
Microsoft Visual Studio Solution File, Format Version 12.00
# Visual Studio Version 16
VisualStudioVersion = 16.0.30128.74
MinimumVisualStudioVersion = 10.0.40219.1
Project("{FAE04EC0-301F-11D3-BF4B-00C04F79EFBC}") = "AppEjercicioBebidas", "AppEjercicioBebidas.csproj", "{33EE7CCF-8CBD-4477-ADF3-87D38D11EB9D}"
EndProject
Global
	GlobalSection(SolutionConfigurationPlatforms) = preSolution
		Debug|Any CPU = Debug|Any CPU
		Release|Any CPU = Release|Any CPU
	EndGlobalSection
	GlobalSection(ProjectConfigurationPlatforms) = postSolution
		{33EE7CCF-8CBD-4477-ADF3-87D38D11EB9D}.Debug|Any CPU.ActiveCfg = Debug|Any CPU
		{33EE7CCF-8CBD-4477-ADF3-87D38D11EB9D}.Debug|Any CPU.Build.0 = Debug|Any CPU
		{33EE7CCF-8CBD-4477-ADF3-87D38D11EB9D}.Release|Any CPU.ActiveCfg = Release|Any CPU
		{33EE7CCF-8CBD-4477-ADF3-87D38D11EB9D}.Release|Any CPU.Build.0 = Release|Any CPU
	EndGlobalSection
	GlobalSection(SolutionProperties) = preSolution
		HideSolutionNode = FALSE
	EndGlobalSection
	GlobalSection(ExtensibilityGlobals) = postSolution
		SolutionGuid = {3C8BB28A-6A3A-4340-8B3D-3E2C02D39243}
	EndGlobalSection
EndGlobal
