
Microsoft Visual Studio Solution File, Format Version 12.00
# Visual Studio Version 16
VisualStudioVersion = 16.0.30128.74
MinimumVisualStudioVersion = 10.0.40219.1
Project("{FAE04EC0-301F-11D3-BF4B-00C04F79EFBC}") = "CableTV_vFINAL", "CableTV_vFINAL.csproj", "{BD456791-D46D-42AC-A4A0-2349455D7E2E}"
EndProject
Global
	GlobalSection(SolutionConfigurationPlatforms) = preSolution
		Debug|Any CPU = Debug|Any CPU
		Release|Any CPU = Release|Any CPU
	EndGlobalSection
	GlobalSection(ProjectConfigurationPlatforms) = postSolution
		{BD456791-D46D-42AC-A4A0-2349455D7E2E}.Debug|Any CPU.ActiveCfg = Debug|Any CPU
		{BD456791-D46D-42AC-A4A0-2349455D7E2E}.Debug|Any CPU.Build.0 = Debug|Any CPU
		{BD456791-D46D-42AC-A4A0-2349455D7E2E}.Release|Any CPU.ActiveCfg = Release|Any CPU
		{BD456791-D46D-42AC-A4A0-2349455D7E2E}.Release|Any CPU.Build.0 = Release|Any CPU
	EndGlobalSection
	GlobalSection(SolutionProperties) = preSolution
		HideSolutionNode = FALSE
	EndGlobalSection
	GlobalSection(ExtensibilityGlobals) = postSolution
		SolutionGuid = {28F8FAC5-9D1E-408F-B264-A2667CF64DAA}
	EndGlobalSection
EndGlobal
